// !$*UTF8*$!
{
	archiveVersion = 1;
	classes = {
	};
	objectVersion = 46;
	objects = {

/* Begin PBXBuildFile section */
		3D24D8DB1A93759C0028BD01 /* Cube.cpp in Sources */ = {isa = PBXBuildFile; fileRef = 3D24D8D91A93759C0028BD01 /* Cube.cpp */; };
		3D24D8E11A937B1D0028BD01 /* shader.cpp in Sources */ = {isa = PBXBuildFile; fileRef = 3D24D8DF1A937B1D0028BD01 /* shader.cpp */; };
		3D24D8E51A937BE60028BD01 /* ColorFragmentShader.fragmentshader in CopyFiles */ = {isa = PBXBuildFile; fileRef = 3D24D8E21A937BC40028BD01 /* ColorFragmentShader.fragmentshader */; };
		3D24D8E61A937BE60028BD01 /* TransformVertexShader.vertexshader in CopyFiles */ = {isa = PBXBuildFile; fileRef = 3D24D8E31A937BC40028BD01 /* TransformVertexShader.vertexshader */; };
		3D24D8E91A937EDD0028BD01 /* Scene.cpp in Sources */ = {isa = PBXBuildFile; fileRef = 3D24D8E71A937EDC0028BD01 /* Scene.cpp */; };
		6DBF64371A8A25B600A947A6 /* main.cpp in Sources */ = {isa = PBXBuildFile; fileRef = 6DBF64361A8A25B600A947A6 /* main.cpp */; };
		6DBF643E1A8A25E800A947A6 /* OpenGL.framework in Frameworks */ = {isa = PBXBuildFile; fileRef = 6DBF643D1A8A25E800A947A6 /* OpenGL.framework */; };
		6DBF64401A8A264900A947A6 /* libglfw3.dylib in Frameworks */ = {isa = PBXBuildFile; fileRef = 6DBF643F1A8A264900A947A6 /* libglfw3.dylib */; };
		6DBF64421A8A266300A947A6 /* libGLEW.1.11.0.dylib in Frameworks */ = {isa = PBXBuildFile; fileRef = 6DBF64411A8A266300A947A6 /* libGLEW.1.11.0.dylib */; };
/* End PBXBuildFile section */

/* Begin PBXCopyFilesBuildPhase section */
		3D24D8E41A937BE00028BD01 /* CopyFiles */ = {
			isa = PBXCopyFilesBuildPhase;
			buildActionMask = 2147483647;
			dstPath = "";
			dstSubfolderSpec = 7;
			files = (
				3D24D8E51A937BE60028BD01 /* ColorFragmentShader.fragmentshader in CopyFiles */,
				3D24D8E61A937BE60028BD01 /* TransformVertexShader.vertexshader in CopyFiles */,
			);
			runOnlyForDeploymentPostprocessing = 0;
		};
		6DBF64311A8A25B600A947A6 /* CopyFiles */ = {
			isa = PBXCopyFilesBuildPhase;
			buildActionMask = 2147483647;
			dstPath = /usr/share/man/man1/;
			dstSubfolderSpec = 0;
			files = (
			);
			runOnlyForDeploymentPostprocessing = 1;
		};
/* End PBXCopyFilesBuildPhase section */

/* Begin PBXFileReference section */
		3D24D8D71A9374DB0028BD01 /* Renderable.h */ = {isa = PBXFileReference; fileEncoding = 4; lastKnownFileType = sourcecode.c.h; path = Renderable.h; sourceTree = "<group>"; };
		3D24D8D91A93759C0028BD01 /* Cube.cpp */ = {isa = PBXFileReference; fileEncoding = 4; lastKnownFileType = sourcecode.cpp.cpp; path = Cube.cpp; sourceTree = "<group>"; };
		3D24D8DA1A93759C0028BD01 /* Cube.h */ = {isa = PBXFileReference; fileEncoding = 4; lastKnownFileType = sourcecode.c.h; path = Cube.h; sourceTree = "<group>"; };
		3D24D8DD1A9377E30028BD01 /* Point.h */ = {isa = PBXFileReference; fileEncoding = 4; lastKnownFileType = sourcecode.c.h; path = Point.h; sourceTree = "<group>"; };
		3D24D8DF1A937B1D0028BD01 /* shader.cpp */ = {isa = PBXFileReference; fileEncoding = 4; lastKnownFileType = sourcecode.cpp.cpp; path = shader.cpp; sourceTree = "<group>"; };
		3D24D8E01A937B1D0028BD01 /* shader.hpp */ = {isa = PBXFileReference; fileEncoding = 4; lastKnownFileType = sourcecode.cpp.h; path = shader.hpp; sourceTree = "<group>"; };
		3D24D8E21A937BC40028BD01 /* ColorFragmentShader.fragmentshader */ = {isa = PBXFileReference; fileEncoding = 4; lastKnownFileType = text; path = ColorFragmentShader.fragmentshader; sourceTree = "<group>"; };
		3D24D8E31A937BC40028BD01 /* TransformVertexShader.vertexshader */ = {isa = PBXFileReference; fileEncoding = 4; lastKnownFileType = text; path = TransformVertexShader.vertexshader; sourceTree = "<group>"; };
		3D24D8E71A937EDC0028BD01 /* Scene.cpp */ = {isa = PBXFileReference; fileEncoding = 4; lastKnownFileType = sourcecode.cpp.cpp; path = Scene.cpp; sourceTree = "<group>"; };
		3D24D8E81A937EDD0028BD01 /* Scene.h */ = {isa = PBXFileReference; fileEncoding = 4; lastKnownFileType = sourcecode.c.h; path = Scene.h; sourceTree = "<group>"; };
		6DBF64331A8A25B600A947A6 /* Agile */ = {isa = PBXFileReference; explicitFileType = "compiled.mach-o.executable"; includeInIndex = 0; path = Agile; sourceTree = BUILT_PRODUCTS_DIR; };
		6DBF64361A8A25B600A947A6 /* main.cpp */ = {isa = PBXFileReference; lastKnownFileType = sourcecode.cpp.cpp; path = main.cpp; sourceTree = "<group>"; };
		6DBF643D1A8A25E800A947A6 /* OpenGL.framework */ = {isa = PBXFileReference; lastKnownFileType = wrapper.framework; name = OpenGL.framework; path = System/Library/Frameworks/OpenGL.framework; sourceTree = SDKROOT; };
		6DBF643F1A8A264900A947A6 /* libglfw3.dylib */ = {isa = PBXFileReference; lastKnownFileType = "compiled.mach-o.dylib"; name = libglfw3.dylib; path = ../../../../../usr/local/lib/libglfw3.dylib; sourceTree = "<group>"; };
		6DBF64411A8A266300A947A6 /* libGLEW.1.11.0.dylib */ = {isa = PBXFileReference; lastKnownFileType = "compiled.mach-o.dylib"; name = libGLEW.1.11.0.dylib; path = ../../../../../usr/local/Cellar/glew/1.11.0/lib/libGLEW.1.11.0.dylib; sourceTree = "<group>"; };
/* End PBXFileReference section */

/* Begin PBXFrameworksBuildPhase section */
		6DBF64301A8A25B600A947A6 /* Frameworks */ = {
			isa = PBXFrameworksBuildPhase;
			buildActionMask = 2147483647;
			files = (
				6DBF64421A8A266300A947A6 /* libGLEW.1.11.0.dylib in Frameworks */,
				6DBF64401A8A264900A947A6 /* libglfw3.dylib in Frameworks */,
				6DBF643E1A8A25E800A947A6 /* OpenGL.framework in Frameworks */,
			);
			runOnlyForDeploymentPostprocessing = 0;
		};
/* End PBXFrameworksBuildPhase section */

/* Begin PBXGroup section */
		6DBF642A1A8A25B600A947A6 = {
			isa = PBXGroup;
			children = (
				6DBF64411A8A266300A947A6 /* libGLEW.1.11.0.dylib */,
				6DBF643F1A8A264900A947A6 /* libglfw3.dylib */,
				6DBF643D1A8A25E800A947A6 /* OpenGL.framework */,
				6DBF64351A8A25B600A947A6 /* Agile */,
				6DBF64341A8A25B600A947A6 /* Products */,
			);
			sourceTree = "<group>";
		};
		6DBF64341A8A25B600A947A6 /* Products */ = {
			isa = PBXGroup;
			children = (
				6DBF64331A8A25B600A947A6 /* Agile */,
			);
			name = Products;
			sourceTree = "<group>";
		};
		6DBF64351A8A25B600A947A6 /* Agile */ = {
			isa = PBXGroup;
			children = (
				3D24D8E21A937BC40028BD01 /* ColorFragmentShader.fragmentshader */,
				3D24D8E31A937BC40028BD01 /* TransformVertexShader.vertexshader */,
				3D24D8DF1A937B1D0028BD01 /* shader.cpp */,
				3D24D8E01A937B1D0028BD01 /* shader.hpp */,
				6DBF64361A8A25B600A947A6 /* main.cpp */,
				3D24D8D71A9374DB0028BD01 /* Renderable.h */,
				3D24D8D91A93759C0028BD01 /* Cube.cpp */,
				3D24D8DA1A93759C0028BD01 /* Cube.h */,
				3D24D8DD1A9377E30028BD01 /* Point.h */,
				3D24D8E71A937EDC0028BD01 /* Scene.cpp */,
				3D24D8E81A937EDD0028BD01 /* Scene.h */,
			);
			path = Agile;
			sourceTree = "<group>";
		};
/* End PBXGroup section */

/* Begin PBXNativeTarget section */
		6DBF64321A8A25B600A947A6 /* Agile */ = {
			isa = PBXNativeTarget;
			buildConfigurationList = 6DBF643A1A8A25B600A947A6 /* Build configuration list for PBXNativeTarget "Agile" */;
			buildPhases = (
				6DBF642F1A8A25B600A947A6 /* Sources */,
				6DBF64301A8A25B600A947A6 /* Frameworks */,
				6DBF64311A8A25B600A947A6 /* CopyFiles */,
				3D24D8E41A937BE00028BD01 /* CopyFiles */,
			);
			buildRules = (
			);
			dependencies = (
			);
			name = Agile;
			productName = Agile;
			productReference = 6DBF64331A8A25B600A947A6 /* Agile */;
			productType = "com.apple.product-type.tool";
		};
/* End PBXNativeTarget section */

/* Begin PBXProject section */
		6DBF642B1A8A25B600A947A6 /* Project object */ = {
			isa = PBXProject;
			attributes = {
				LastUpgradeCheck = 0610;
				ORGANIZATIONNAME = CS476;
				TargetAttributes = {
					6DBF64321A8A25B600A947A6 = {
						CreatedOnToolsVersion = 6.1.1;
					};
				};
			};
			buildConfigurationList = 6DBF642E1A8A25B600A947A6 /* Build configuration list for PBXProject "Agile" */;
			compatibilityVersion = "Xcode 3.2";
			developmentRegion = English;
			hasScannedForEncodings = 0;
			knownRegions = (
				en,
			);
			mainGroup = 6DBF642A1A8A25B600A947A6;
			productRefGroup = 6DBF64341A8A25B600A947A6 /* Products */;
			projectDirPath = "";
			projectRoot = "";
			targets = (
				6DBF64321A8A25B600A947A6 /* Agile */,
			);
		};
/* End PBXProject section */

/* Begin PBXSourcesBuildPhase section */
		6DBF642F1A8A25B600A947A6 /* Sources */ = {
			isa = PBXSourcesBuildPhase;
			buildActionMask = 2147483647;
			files = (
				3D24D8E91A937EDD0028BD01 /* Scene.cpp in Sources */,
				3D24D8E11A937B1D0028BD01 /* shader.cpp in Sources */,
				3D24D8DB1A93759C0028BD01 /* Cube.cpp in Sources */,
				6DBF64371A8A25B600A947A6 /* main.cpp in Sources */,
			);
			runOnlyForDeploymentPostprocessing = 0;
		};
/* End PBXSourcesBuildPhase section */

/* Begin XCBuildConfiguration section */
		6DBF64381A8A25B600A947A6 /* Debug */ = {
			isa = XCBuildConfiguration;
			buildSettings = {
				ALWAYS_SEARCH_USER_PATHS = NO;
				CLANG_CXX_LANGUAGE_STANDARD = "gnu++0x";
				CLANG_CXX_LIBRARY = "libc++";
				CLANG_ENABLE_MODULES = YES;
				CLANG_ENABLE_OBJC_ARC = YES;
				CLANG_WARN_BOOL_CONVERSION = YES;
				CLANG_WARN_CONSTANT_CONVERSION = YES;
				CLANG_WARN_DIRECT_OBJC_ISA_USAGE = YES_ERROR;
				CLANG_WARN_EMPTY_BODY = YES;
				CLANG_WARN_ENUM_CONVERSION = YES;
				CLANG_WARN_INT_CONVERSION = YES;
				CLANG_WARN_OBJC_ROOT_CLASS = YES_ERROR;
				CLANG_WARN_UNREACHABLE_CODE = YES;
				CLANG_WARN__DUPLICATE_METHOD_MATCH = YES;
				COPY_PHASE_STRIP = NO;
				ENABLE_STRICT_OBJC_MSGSEND = YES;
				GCC_C_LANGUAGE_STANDARD = gnu99;
				GCC_DYNAMIC_NO_PIC = NO;
				GCC_OPTIMIZATION_LEVEL = 0;
				GCC_PREPROCESSOR_DEFINITIONS = (
					"DEBUG=1",
					"$(inherited)",
				);
				GCC_SYMBOLS_PRIVATE_EXTERN = NO;
				GCC_WARN_64_TO_32_BIT_CONVERSION = YES;
				GCC_WARN_ABOUT_RETURN_TYPE = YES_ERROR;
				GCC_WARN_UNDECLARED_SELECTOR = YES;
				GCC_WARN_UNINITIALIZED_AUTOS = YES_AGGRESSIVE;
				GCC_WARN_UNUSED_FUNCTION = YES;
				GCC_WARN_UNUSED_VARIABLE = YES;
				MACOSX_DEPLOYMENT_TARGET = 10.10;
				MTL_ENABLE_DEBUG_INFO = YES;
				ONLY_ACTIVE_ARCH = YES;
				SDKROOT = macosx;
			};
			name = Debug;
		};
		6DBF64391A8A25B600A947A6 /* Release */ = {
			isa = XCBuildConfiguration;
			buildSettings = {
				ALWAYS_SEARCH_USER_PATHS = NO;
				CLANG_CXX_LANGUAGE_STANDARD = "gnu++0x";
				CLANG_CXX_LIBRARY = "libc++";
				CLANG_ENABLE_MODULES = YES;
				CLANG_ENABLE_OBJC_ARC = YES;
				CLANG_WARN_BOOL_CONVERSION = YES;
				CLANG_WARN_CONSTANT_CONVERSION = YES;
				CLANG_WARN_DIRECT_OBJC_ISA_USAGE = YES_ERROR;
				CLANG_WARN_EMPTY_BODY = YES;
				CLANG_WARN_ENUM_CONVERSION = YES;
				CLANG_WARN_INT_CONVERSION = YES;
				CLANG_WARN_OBJC_ROOT_CLASS = YES_ERROR;
				CLANG_WARN_UNREACHABLE_CODE = YES;
				CLANG_WARN__DUPLICATE_METHOD_MATCH = YES;
				COPY_PHASE_STRIP = YES;
				DEBUG_INFORMATION_FORMAT = "dwarf-with-dsym";
				ENABLE_NS_ASSERTIONS = NO;
				ENABLE_STRICT_OBJC_MSGSEND = YES;
				GCC_C_LANGUAGE_STANDARD = gnu99;
				GCC_WARN_64_TO_32_BIT_CONVERSION = YES;
				GCC_WARN_ABOUT_RETURN_TYPE = YES_ERROR;
				GCC_WARN_UNDECLARED_SELECTOR = YES;
				GCC_WARN_UNINITIALIZED_AUTOS = YES_AGGRESSIVE;
				GCC_WARN_UNUSED_FUNCTION = YES;
				GCC_WARN_UNUSED_VARIABLE = YES;
				MACOSX_DEPLOYMENT_TARGET = 10.10;
				MTL_ENABLE_DEBUG_INFO = NO;
				SDKROOT = macosx;
			};
			name = Release;
		};
		6DBF643B1A8A25B600A947A6 /* Debug */ = {
			isa = XCBuildConfiguration;
			buildSettings = {
				HEADER_SEARCH_PATHS = (
					"$(inherited)",
					/Applications/Xcode.app/Contents/Developer/Toolchains/XcodeDefault.xctoolchain/usr/include,
					/usr/local/include,
				);
				LIBRARY_SEARCH_PATHS = (
					"$(inherited)",
					/usr/local/Cellar/glew/1.11.0/lib,
					/usr/local/lib,
				);
				PRODUCT_NAME = "$(TARGET_NAME)";
			};
			name = Debug;
		};
		6DBF643C1A8A25B600A947A6 /* Release */ = {
			isa = XCBuildConfiguration;
			buildSettings = {
				HEADER_SEARCH_PATHS = (
					"$(inherited)",
					/Applications/Xcode.app/Contents/Developer/Toolchains/XcodeDefault.xctoolchain/usr/include,
					/usr/local/include,
				);
				LIBRARY_SEARCH_PATHS = (
					"$(inherited)",
					/usr/local/Cellar/glew/1.11.0/lib,
					/usr/local/lib,
				);
				PRODUCT_NAME = "$(TARGET_NAME)";
			};
			name = Release;
		};
/* End XCBuildConfiguration section */

/* Begin XCConfigurationList section */
		6DBF642E1A8A25B600A947A6 /* Build configuration list for PBXProject "Agile" */ = {
			isa = XCConfigurationList;
			buildConfigurations = (
				6DBF64381A8A25B600A947A6 /* Debug */,
				6DBF64391A8A25B600A947A6 /* Release */,
			);
			defaultConfigurationIsVisible = 0;
			defaultConfigurationName = Release;
		};
		6DBF643A1A8A25B600A947A6 /* Build configuration list for PBXNativeTarget "Agile" */ = {
			isa = XCConfigurationList;
			buildConfigurations = (
				6DBF643B1A8A25B600A947A6 /* Debug */,
				6DBF643C1A8A25B600A947A6 /* Release */,
			);
			defaultConfigurationIsVisible = 0;
			defaultConfigurationName = Release;
		};
/* End XCConfigurationList section */
	};
	rootObject = 6DBF642B1A8A25B600A947A6 /* Project object */;
}
